
Microsoft Visual Studio Solution File, Format Version 12.00
# Visual Studio Version 17
VisualStudioVersion = 17.2.32616.157
MinimumVisualStudioVersion = 10.0.40219.1
Project("{FAE04EC0-301F-11D3-BF4B-00C04F79EFBC}") = "EmployeeFactory", "EmployeeFactory\EmployeeFactory.csproj", "{B6C5CDFE-B870-4A9F-A3E0-40FA881DA43A}"
EndProject
Project("{FAE04EC0-301F-11D3-BF4B-00C04F79EFBC}") = "EmployeeServiceAPI", "EmployeeServiceAPI\EmployeeServiceAPI.csproj", "{DCA71828-E477-4380-B229-806AF317FA42}"
EndProject
Global
	GlobalSection(SolutionConfigurationPlatforms) = preSolution
		Debug|Any CPU = Debug|Any CPU
		Release|Any CPU = Release|Any CPU
	EndGlobalSection
	GlobalSection(ProjectConfigurationPlatforms) = postSolution
		{B6C5CDFE-B870-4A9F-A3E0-40FA881DA43A}.Debug|Any CPU.ActiveCfg = Debug|Any CPU
		{B6C5CDFE-B870-4A9F-A3E0-40FA881DA43A}.Debug|Any CPU.Build.0 = Debug|Any CPU
		{B6C5CDFE-B870-4A9F-A3E0-40FA881DA43A}.Release|Any CPU.ActiveCfg = Release|Any CPU
		{B6C5CDFE-B870-4A9F-A3E0-40FA881DA43A}.Release|Any CPU.Build.0 = Release|Any CPU
		{DCA71828-E477-4380-B229-806AF317FA42}.Debug|Any CPU.ActiveCfg = Debug|Any CPU
		{DCA71828-E477-4380-B229-806AF317FA42}.Debug|Any CPU.Build.0 = Debug|Any CPU
		{DCA71828-E477-4380-B229-806AF317FA42}.Release|Any CPU.ActiveCfg = Release|Any CPU
		{DCA71828-E477-4380-B229-806AF317FA42}.Release|Any CPU.Build.0 = Release|Any CPU
	EndGlobalSection
	GlobalSection(SolutionProperties) = preSolution
		HideSolutionNode = FALSE
	EndGlobalSection
	GlobalSection(ExtensibilityGlobals) = postSolution
		SolutionGuid = {6C269530-DF07-4A77-A5C2-D259F4EF727E}
	EndGlobalSection
EndGlobal
